Microsoft Visual Studio Solution File, Format Version 12.00
# Visual Studio Version 17
VisualStudioVersion = 17.5.2.0
MinimumVisualStudioVersion = 10.0.40219.1
Project("{FAE04EC0-301F-11D3-BF4B-00C04F79EFBC}") = "ProjetoPonto", "ProjetoPonto.csproj", "{C0416B9C-BBB1-DBD8-2C19-D387076266CD}"
EndProject
Global
	GlobalSection(SolutionConfigurationPlatforms) = preSolution
		Debug|Any CPU = Debug|Any CPU
		Release|Any CPU = Release|Any CPU
	EndGlobalSection
	GlobalSection(ProjectConfigurationPlatforms) = postSolution
		{C0416B9C-BBB1-DBD8-2C19-D387076266CD}.Debug|Any CPU.ActiveCfg = Debug|Any CPU
		{C0416B9C-BBB1-DBD8-2C19-D387076266CD}.Debug|Any CPU.Build.0 = Debug|Any CPU
		{C0416B9C-BBB1-DBD8-2C19-D387076266CD}.Release|Any CPU.ActiveCfg = Release|Any CPU
		{C0416B9C-BBB1-DBD8-2C19-D387076266CD}.Release|Any CPU.Build.0 = Release|Any CPU
	EndGlobalSection
	GlobalSection(SolutionProperties) = preSolution
		HideSolutionNode = FALSE
	EndGlobalSection
	GlobalSection(ExtensibilityGlobals) = postSolution
		SolutionGuid = {C1A1FCA8-E43A-47D0-B60B-AC22CCFAE7CD}
	EndGlobalSection
EndGlobal
